
Microsoft Visual Studio Solution File, Format Version 12.00
# Visual Studio Version 17
VisualStudioVersion = 17.5.33530.505
MinimumVisualStudioVersion = 10.0.40219.1
Project("{9A19103F-16F7-4668-BE54-9A1E7A4F7556}") = "OicdProvider", "src\OicdProvider\OicdProvider.csproj", "{9AC682FC-398D-4FD2-B12C-475285B35AD5}"
EndProject
Project("{9A19103F-16F7-4668-BE54-9A1E7A4F7556}") = "KeycloakOicdProvider", "src\KeycloakOicdProvider\KeycloakOicdProvider.csproj", "{4FBE1E84-F397-4BDF-A8E1-29CAEF43D52C}"
EndProject
Global
	GlobalSection(SolutionConfigurationPlatforms) = preSolution
		Debug|Any CPU = Debug|Any CPU
		Release|Any CPU = Release|Any CPU
	EndGlobalSection
	GlobalSection(ProjectConfigurationPlatforms) = postSolution
		{9AC682FC-398D-4FD2-B12C-475285B35AD5}.Debug|Any CPU.ActiveCfg = Debug|Any CPU
		{9AC682FC-398D-4FD2-B12C-475285B35AD5}.Debug|Any CPU.Build.0 = Debug|Any CPU
		{9AC682FC-398D-4FD2-B12C-475285B35AD5}.Release|Any CPU.ActiveCfg = Release|Any CPU
		{9AC682FC-398D-4FD2-B12C-475285B35AD5}.Release|Any CPU.Build.0 = Release|Any CPU
		{4FBE1E84-F397-4BDF-A8E1-29CAEF43D52C}.Debug|Any CPU.ActiveCfg = Debug|Any CPU
		{4FBE1E84-F397-4BDF-A8E1-29CAEF43D52C}.Debug|Any CPU.Build.0 = Debug|Any CPU
		{4FBE1E84-F397-4BDF-A8E1-29CAEF43D52C}.Release|Any CPU.ActiveCfg = Release|Any CPU
		{4FBE1E84-F397-4BDF-A8E1-29CAEF43D52C}.Release|Any CPU.Build.0 = Release|Any CPU
	EndGlobalSection
	GlobalSection(SolutionProperties) = preSolution
		HideSolutionNode = FALSE
	EndGlobalSection
	GlobalSection(ExtensibilityGlobals) = postSolution
		SolutionGuid = {6F7AEC61-2E59-4EA4-9511-A777BCB600E0}
	EndGlobalSection
EndGlobal
