
Microsoft Visual Studio Solution File, Format Version 12.00
# Visual Studio Version 17
VisualStudioVersion = 17.6.33723.286
MinimumVisualStudioVersion = 10.0.40219.1
Project("{9A19103F-16F7-4668-BE54-9A1E7A4F7556}") = "Balsam.Api", "src\Balsam.Api\Balsam.Api.csproj", "{A3C29474-5025-4B34-9FFE-C9A660737087}"
EndProject
Project("{9A19103F-16F7-4668-BE54-9A1E7A4F7556}") = "S3ProviderApiClient", "src\S3ProviderApiClient\S3ProviderApiClient.csproj", "{6FB11EA1-513E-433D-A2AD-3F0A83E2A442}"
EndProject
Project("{9A19103F-16F7-4668-BE54-9A1E7A4F7556}") = "S3ProviderApiClient.Test", "src\S3ProviderApiClient.Test\S3ProviderApiClient.Test.csproj", "{C7CF1F5B-42BD-4854-AE68-615A09629E58}"
EndProject
Project("{9A19103F-16F7-4668-BE54-9A1E7A4F7556}") = "GitProviderApiClient", "src\GitProviderApiClient\GitProviderApiClient.csproj", "{A1216AE1-AAEE-4EC5-A8BD-BFCC352E2815}"
EndProject
Project("{9A19103F-16F7-4668-BE54-9A1E7A4F7556}") = "GitProviderApiClient.Test", "src\GitProviderApiClient.Test\GitProviderApiClient.Test.csproj", "{3E040A54-0F81-436A-B1F9-6570F27B46F8}"
EndProject
Project("{9A19103F-16F7-4668-BE54-9A1E7A4F7556}") = "OidcProviderApiClient", "src\OidcProviderApiClient\OidcProviderApiClient.csproj", "{DAB11BBB-A485-4E63-AC01-FBB279ED19BB}"
EndProject
Project("{9A19103F-16F7-4668-BE54-9A1E7A4F7556}") = "OidcProviderApiClient.Test", "src\OidcProviderApiClient.Test\OidcProviderApiClient.Test.csproj", "{75CBE72A-B84E-4E05-BB65-2E6C964FBBE2}"
EndProject
Project("{9A19103F-16F7-4668-BE54-9A1E7A4F7556}") = "RocketChatChatProviderApiClient", "src\RocketChatChatProviderApiClient\RocketChatChatProviderApiClient.csproj", "{045C92A1-6140-4BAD-AB99-7E45515FD1B6}"
EndProject
Project("{9A19103F-16F7-4668-BE54-9A1E7A4F7556}") = "RocketChatChatProviderApiClient.Test", "src\RocketChatChatProviderApiClient.Test\RocketChatChatProviderApiClient.Test.csproj", "{F4D20E54-2604-4E97-A43C-D38E94B665CA}"
EndProject
Project("{9A19103F-16F7-4668-BE54-9A1E7A4F7556}") = "BalsamApi.Server", "src\BalsamApi.Server\BalsamApi.Server.csproj", "{CCE90D11-C8D4-4F76-9730-506B23B1CD9E}"
EndProject
Project("{9A19103F-16F7-4668-BE54-9A1E7A4F7556}") = "Balsam.Application", "src\Balsam.Application\Balsam.Application.csproj", "{AAAA20E8-E584-401D-A7B4-6741E1316301}"
EndProject
Project("{9A19103F-16F7-4668-BE54-9A1E7A4F7556}") = "Balsam.Domain", "src\Balsam.Domain\Balsam.Domain.csproj", "{AE263A3F-7988-4491-8339-89899DF6E08F}"
EndProject
Project("{9A19103F-16F7-4668-BE54-9A1E7A4F7556}") = "Balsam.Infrastructure", "src\Balsam.Infrastructure\Balsam.Infrastructure.csproj", "{98CB6D20-3EDC-4AA5-A477-83835FCD3EC7}"
EndProject
Project("{9A19103F-16F7-4668-BE54-9A1E7A4F7556}") = "Balsam.Tests", "src\Balsam.Tests\Balsam.Tests.csproj", "{FEE2F533-5550-4F4C-9FCB-A3695018307E}"
EndProject
Global
	GlobalSection(SolutionConfigurationPlatforms) = preSolution
		Debug|Any CPU = Debug|Any CPU
		Release|Any CPU = Release|Any CPU
	EndGlobalSection
	GlobalSection(ProjectConfigurationPlatforms) = postSolution
		{A3C29474-5025-4B34-9FFE-C9A660737087}.Debug|Any CPU.ActiveCfg = Debug|Any CPU
		{A3C29474-5025-4B34-9FFE-C9A660737087}.Debug|Any CPU.Build.0 = Debug|Any CPU
		{A3C29474-5025-4B34-9FFE-C9A660737087}.Release|Any CPU.ActiveCfg = Release|Any CPU
		{A3C29474-5025-4B34-9FFE-C9A660737087}.Release|Any CPU.Build.0 = Release|Any CPU
		{6FB11EA1-513E-433D-A2AD-3F0A83E2A442}.Debug|Any CPU.ActiveCfg = Debug|Any CPU
		{6FB11EA1-513E-433D-A2AD-3F0A83E2A442}.Debug|Any CPU.Build.0 = Debug|Any CPU
		{6FB11EA1-513E-433D-A2AD-3F0A83E2A442}.Release|Any CPU.ActiveCfg = Release|Any CPU
		{6FB11EA1-513E-433D-A2AD-3F0A83E2A442}.Release|Any CPU.Build.0 = Release|Any CPU
		{C7CF1F5B-42BD-4854-AE68-615A09629E58}.Debug|Any CPU.ActiveCfg = Debug|Any CPU
		{C7CF1F5B-42BD-4854-AE68-615A09629E58}.Debug|Any CPU.Build.0 = Debug|Any CPU
		{C7CF1F5B-42BD-4854-AE68-615A09629E58}.Release|Any CPU.ActiveCfg = Release|Any CPU
		{C7CF1F5B-42BD-4854-AE68-615A09629E58}.Release|Any CPU.Build.0 = Release|Any CPU
		{A1216AE1-AAEE-4EC5-A8BD-BFCC352E2815}.Debug|Any CPU.ActiveCfg = Debug|Any CPU
		{A1216AE1-AAEE-4EC5-A8BD-BFCC352E2815}.Debug|Any CPU.Build.0 = Debug|Any CPU
		{A1216AE1-AAEE-4EC5-A8BD-BFCC352E2815}.Release|Any CPU.ActiveCfg = Release|Any CPU
		{A1216AE1-AAEE-4EC5-A8BD-BFCC352E2815}.Release|Any CPU.Build.0 = Release|Any CPU
		{3E040A54-0F81-436A-B1F9-6570F27B46F8}.Debug|Any CPU.ActiveCfg = Debug|Any CPU
		{3E040A54-0F81-436A-B1F9-6570F27B46F8}.Debug|Any CPU.Build.0 = Debug|Any CPU
		{3E040A54-0F81-436A-B1F9-6570F27B46F8}.Release|Any CPU.ActiveCfg = Release|Any CPU
		{3E040A54-0F81-436A-B1F9-6570F27B46F8}.Release|Any CPU.Build.0 = Release|Any CPU
		{DAB11BBB-A485-4E63-AC01-FBB279ED19BB}.Debug|Any CPU.ActiveCfg = Debug|Any CPU
		{DAB11BBB-A485-4E63-AC01-FBB279ED19BB}.Debug|Any CPU.Build.0 = Debug|Any CPU
		{DAB11BBB-A485-4E63-AC01-FBB279ED19BB}.Release|Any CPU.ActiveCfg = Release|Any CPU
		{DAB11BBB-A485-4E63-AC01-FBB279ED19BB}.Release|Any CPU.Build.0 = Release|Any CPU
		{75CBE72A-B84E-4E05-BB65-2E6C964FBBE2}.Debug|Any CPU.ActiveCfg = Debug|Any CPU
		{75CBE72A-B84E-4E05-BB65-2E6C964FBBE2}.Debug|Any CPU.Build.0 = Debug|Any CPU
		{75CBE72A-B84E-4E05-BB65-2E6C964FBBE2}.Release|Any CPU.ActiveCfg = Release|Any CPU
		{75CBE72A-B84E-4E05-BB65-2E6C964FBBE2}.Release|Any CPU.Build.0 = Release|Any CPU
		{045C92A1-6140-4BAD-AB99-7E45515FD1B6}.Debug|Any CPU.ActiveCfg = Debug|Any CPU
		{045C92A1-6140-4BAD-AB99-7E45515FD1B6}.Debug|Any CPU.Build.0 = Debug|Any CPU
		{045C92A1-6140-4BAD-AB99-7E45515FD1B6}.Release|Any CPU.ActiveCfg = Release|Any CPU
		{045C92A1-6140-4BAD-AB99-7E45515FD1B6}.Release|Any CPU.Build.0 = Release|Any CPU
		{F4D20E54-2604-4E97-A43C-D38E94B665CA}.Debug|Any CPU.ActiveCfg = Debug|Any CPU
		{F4D20E54-2604-4E97-A43C-D38E94B665CA}.Debug|Any CPU.Build.0 = Debug|Any CPU
		{F4D20E54-2604-4E97-A43C-D38E94B665CA}.Release|Any CPU.ActiveCfg = Release|Any CPU
		{F4D20E54-2604-4E97-A43C-D38E94B665CA}.Release|Any CPU.Build.0 = Release|Any CPU
		{CCE90D11-C8D4-4F76-9730-506B23B1CD9E}.Debug|Any CPU.ActiveCfg = Debug|Any CPU
		{CCE90D11-C8D4-4F76-9730-506B23B1CD9E}.Debug|Any CPU.Build.0 = Debug|Any CPU
		{CCE90D11-C8D4-4F76-9730-506B23B1CD9E}.Release|Any CPU.ActiveCfg = Release|Any CPU
		{CCE90D11-C8D4-4F76-9730-506B23B1CD9E}.Release|Any CPU.Build.0 = Release|Any CPU
		{AAAA20E8-E584-401D-A7B4-6741E1316301}.Debug|Any CPU.ActiveCfg = Debug|Any CPU
		{AAAA20E8-E584-401D-A7B4-6741E1316301}.Debug|Any CPU.Build.0 = Debug|Any CPU
		{AAAA20E8-E584-401D-A7B4-6741E1316301}.Release|Any CPU.ActiveCfg = Release|Any CPU
		{AAAA20E8-E584-401D-A7B4-6741E1316301}.Release|Any CPU.Build.0 = Release|Any CPU
		{AE263A3F-7988-4491-8339-89899DF6E08F}.Debug|Any CPU.ActiveCfg = Debug|Any CPU
		{AE263A3F-7988-4491-8339-89899DF6E08F}.Debug|Any CPU.Build.0 = Debug|Any CPU
		{AE263A3F-7988-4491-8339-89899DF6E08F}.Release|Any CPU.ActiveCfg = Release|Any CPU
		{AE263A3F-7988-4491-8339-89899DF6E08F}.Release|Any CPU.Build.0 = Release|Any CPU
		{98CB6D20-3EDC-4AA5-A477-83835FCD3EC7}.Debug|Any CPU.ActiveCfg = Debug|Any CPU
		{98CB6D20-3EDC-4AA5-A477-83835FCD3EC7}.Debug|Any CPU.Build.0 = Debug|Any CPU
		{98CB6D20-3EDC-4AA5-A477-83835FCD3EC7}.Release|Any CPU.ActiveCfg = Release|Any CPU
		{98CB6D20-3EDC-4AA5-A477-83835FCD3EC7}.Release|Any CPU.Build.0 = Release|Any CPU
		{FEE2F533-5550-4F4C-9FCB-A3695018307E}.Debug|Any CPU.ActiveCfg = Debug|Any CPU
		{FEE2F533-5550-4F4C-9FCB-A3695018307E}.Debug|Any CPU.Build.0 = Debug|Any CPU
		{FEE2F533-5550-4F4C-9FCB-A3695018307E}.Release|Any CPU.ActiveCfg = Release|Any CPU
		{FEE2F533-5550-4F4C-9FCB-A3695018307E}.Release|Any CPU.Build.0 = Release|Any CPU
	EndGlobalSection
	GlobalSection(SolutionProperties) = preSolution
		HideSolutionNode = FALSE
	EndGlobalSection
	GlobalSection(ExtensibilityGlobals) = postSolution
		SolutionGuid = {BA6C3CAC-F195-49D7-8ED1-39B6295F74F3}
	EndGlobalSection
EndGlobal
