
Microsoft Visual Studio Solution File, Format Version 12.00
# Visual Studio Version 17
VisualStudioVersion = 17.6.33723.286
MinimumVisualStudioVersion = 10.0.40219.1
Project("{9A19103F-16F7-4668-BE54-9A1E7A4F7556}") = "BalsamApi.Server", "src\BalsamApi.Server\BalsamApi.Server.csproj", "{95CC534B-7E89-4FFB-8F6E-E9E524E8601B}"
EndProject
Project("{9A19103F-16F7-4668-BE54-9A1E7A4F7556}") = "Balsam.Api", "src\Balsam.Api\Balsam.Api.csproj", "{A3C29474-5025-4B34-9FFE-C9A660737087}"
EndProject
Project("{9A19103F-16F7-4668-BE54-9A1E7A4F7556}") = "S3ProviderApiClient", "src\S3ProviderApiClient\S3ProviderApiClient.csproj", "{6FB11EA1-513E-433D-A2AD-3F0A83E2A442}"
EndProject
Project("{9A19103F-16F7-4668-BE54-9A1E7A4F7556}") = "S3ProviderApiClient.Test", "src\S3ProviderApiClient.Test\S3ProviderApiClient.Test.csproj", "{C7CF1F5B-42BD-4854-AE68-615A09629E58}"
EndProject
Project("{9A19103F-16F7-4668-BE54-9A1E7A4F7556}") = "GitProviderApiClient", "src\GitProviderApiClient\GitProviderApiClient.csproj", "{A1216AE1-AAEE-4EC5-A8BD-BFCC352E2815}"
EndProject
Project("{9A19103F-16F7-4668-BE54-9A1E7A4F7556}") = "GitProviderApiClient.Test", "src\GitProviderApiClient.Test\GitProviderApiClient.Test.csproj", "{3E040A54-0F81-436A-B1F9-6570F27B46F8}"
EndProject
Global
	GlobalSection(SolutionConfigurationPlatforms) = preSolution
		Debug|Any CPU = Debug|Any CPU
		Release|Any CPU = Release|Any CPU
	EndGlobalSection
	GlobalSection(ProjectConfigurationPlatforms) = postSolution
		{95CC534B-7E89-4FFB-8F6E-E9E524E8601B}.Debug|Any CPU.ActiveCfg = Debug|Any CPU
		{95CC534B-7E89-4FFB-8F6E-E9E524E8601B}.Debug|Any CPU.Build.0 = Debug|Any CPU
		{95CC534B-7E89-4FFB-8F6E-E9E524E8601B}.Release|Any CPU.ActiveCfg = Release|Any CPU
		{95CC534B-7E89-4FFB-8F6E-E9E524E8601B}.Release|Any CPU.Build.0 = Release|Any CPU
		{A3C29474-5025-4B34-9FFE-C9A660737087}.Debug|Any CPU.ActiveCfg = Debug|Any CPU
		{A3C29474-5025-4B34-9FFE-C9A660737087}.Debug|Any CPU.Build.0 = Debug|Any CPU
		{A3C29474-5025-4B34-9FFE-C9A660737087}.Release|Any CPU.ActiveCfg = Release|Any CPU
		{A3C29474-5025-4B34-9FFE-C9A660737087}.Release|Any CPU.Build.0 = Release|Any CPU
		{6FB11EA1-513E-433D-A2AD-3F0A83E2A442}.Debug|Any CPU.ActiveCfg = Debug|Any CPU
		{6FB11EA1-513E-433D-A2AD-3F0A83E2A442}.Debug|Any CPU.Build.0 = Debug|Any CPU
		{6FB11EA1-513E-433D-A2AD-3F0A83E2A442}.Release|Any CPU.ActiveCfg = Release|Any CPU
		{6FB11EA1-513E-433D-A2AD-3F0A83E2A442}.Release|Any CPU.Build.0 = Release|Any CPU
		{C7CF1F5B-42BD-4854-AE68-615A09629E58}.Debug|Any CPU.ActiveCfg = Debug|Any CPU
		{C7CF1F5B-42BD-4854-AE68-615A09629E58}.Debug|Any CPU.Build.0 = Debug|Any CPU
		{C7CF1F5B-42BD-4854-AE68-615A09629E58}.Release|Any CPU.ActiveCfg = Release|Any CPU
		{C7CF1F5B-42BD-4854-AE68-615A09629E58}.Release|Any CPU.Build.0 = Release|Any CPU
		{A1216AE1-AAEE-4EC5-A8BD-BFCC352E2815}.Debug|Any CPU.ActiveCfg = Debug|Any CPU
		{A1216AE1-AAEE-4EC5-A8BD-BFCC352E2815}.Debug|Any CPU.Build.0 = Debug|Any CPU
		{A1216AE1-AAEE-4EC5-A8BD-BFCC352E2815}.Release|Any CPU.ActiveCfg = Release|Any CPU
		{A1216AE1-AAEE-4EC5-A8BD-BFCC352E2815}.Release|Any CPU.Build.0 = Release|Any CPU
		{3E040A54-0F81-436A-B1F9-6570F27B46F8}.Debug|Any CPU.ActiveCfg = Debug|Any CPU
		{3E040A54-0F81-436A-B1F9-6570F27B46F8}.Debug|Any CPU.Build.0 = Debug|Any CPU
		{3E040A54-0F81-436A-B1F9-6570F27B46F8}.Release|Any CPU.ActiveCfg = Release|Any CPU
		{3E040A54-0F81-436A-B1F9-6570F27B46F8}.Release|Any CPU.Build.0 = Release|Any CPU
	EndGlobalSection
	GlobalSection(SolutionProperties) = preSolution
		HideSolutionNode = FALSE
	EndGlobalSection
	GlobalSection(ExtensibilityGlobals) = postSolution
		SolutionGuid = {BA6C3CAC-F195-49D7-8ED1-39B6295F74F3}
	EndGlobalSection
EndGlobal
