
Microsoft Visual Studio Solution File, Format Version 12.00
# Visual Studio Version 17
VisualStudioVersion = 17.6.33723.286
MinimumVisualStudioVersion = 10.0.40219.1
Project("{9A19103F-16F7-4668-BE54-9A1E7A4F7556}") = "S3Provider", "src\S3Provider\S3Provider.csproj", "{90F0C536-C693-4FE4-86DA-C98859811500}"
EndProject
Project("{9A19103F-16F7-4668-BE54-9A1E7A4F7556}") = "MinIOS3Provider", "src\MinIOS3Provider\MinIOS3Provider.csproj", "{7C9643B5-ACAC-4B36-A92D-3769D3BA47D6}"
EndProject
Project("{FAE04EC0-301F-11D3-BF4B-00C04F79EFBC}") = "MinIOS3Provider.Test", "MinIOS3Provider.Test\MinIOS3Provider.Test.csproj", "{A18E4B8D-D0BC-4DA5-9E63-8CC3DC8B13F8}"
EndProject
Global
	GlobalSection(SolutionConfigurationPlatforms) = preSolution
		Debug|Any CPU = Debug|Any CPU
		Release|Any CPU = Release|Any CPU
	EndGlobalSection
	GlobalSection(ProjectConfigurationPlatforms) = postSolution
		{90F0C536-C693-4FE4-86DA-C98859811500}.Debug|Any CPU.ActiveCfg = Debug|Any CPU
		{90F0C536-C693-4FE4-86DA-C98859811500}.Debug|Any CPU.Build.0 = Debug|Any CPU
		{90F0C536-C693-4FE4-86DA-C98859811500}.Release|Any CPU.ActiveCfg = Release|Any CPU
		{90F0C536-C693-4FE4-86DA-C98859811500}.Release|Any CPU.Build.0 = Release|Any CPU
		{7C9643B5-ACAC-4B36-A92D-3769D3BA47D6}.Debug|Any CPU.ActiveCfg = Debug|Any CPU
		{7C9643B5-ACAC-4B36-A92D-3769D3BA47D6}.Debug|Any CPU.Build.0 = Debug|Any CPU
		{7C9643B5-ACAC-4B36-A92D-3769D3BA47D6}.Release|Any CPU.ActiveCfg = Release|Any CPU
		{7C9643B5-ACAC-4B36-A92D-3769D3BA47D6}.Release|Any CPU.Build.0 = Release|Any CPU
		{A18E4B8D-D0BC-4DA5-9E63-8CC3DC8B13F8}.Debug|Any CPU.ActiveCfg = Debug|Any CPU
		{A18E4B8D-D0BC-4DA5-9E63-8CC3DC8B13F8}.Debug|Any CPU.Build.0 = Debug|Any CPU
		{A18E4B8D-D0BC-4DA5-9E63-8CC3DC8B13F8}.Release|Any CPU.ActiveCfg = Release|Any CPU
		{A18E4B8D-D0BC-4DA5-9E63-8CC3DC8B13F8}.Release|Any CPU.Build.0 = Release|Any CPU
	EndGlobalSection
	GlobalSection(SolutionProperties) = preSolution
		HideSolutionNode = FALSE
	EndGlobalSection
	GlobalSection(ExtensibilityGlobals) = postSolution
		SolutionGuid = {70F0A3B3-882D-4459-87EA-ACE8DAC3D33A}
	EndGlobalSection
EndGlobal
