
Microsoft Visual Studio Solution File, Format Version 12.00
# Visual Studio 15
VisualStudioVersion = 15.0.27428.2043
MinimumVisualStudioVersion = 10.0.40219.1
Project("{FAE04EC0-301F-11D3-BF4B-00C04F79EFBC}") = "S3Provider", "src\S3Provider\S3Provider.csproj", "{2FB21881-9F46-470C-8C97-58406A24F28D}"
EndProject
Global
    GlobalSection(SolutionConfigurationPlatforms) = preSolution
        Debug|Any CPU = Debug|Any CPU
        Release|Any CPU = Release|Any CPU
    EndGlobalSection
    GlobalSection(ProjectConfigurationPlatforms) = postSolution
        {2FB21881-9F46-470C-8C97-58406A24F28D}.Debug|Any CPU.ActiveCfg = Debug|Any CPU
        {2FB21881-9F46-470C-8C97-58406A24F28D}.Debug|Any CPU.Build.0 = Debug|Any CPU
        {2FB21881-9F46-470C-8C97-58406A24F28D}.Release|Any CPU.ActiveCfg = Release|Any CPU
        {2FB21881-9F46-470C-8C97-58406A24F28D}.Release|Any CPU.Build.0 = Release|Any CPU
    EndGlobalSection
    GlobalSection(SolutionProperties) = preSolution
        HideSolutionNode = FALSE
    EndGlobalSection
EndGlobal
